
Microsoft Visual Studio Solution File, Format Version 12.00
# Visual Studio Version 17
VisualStudioVersion = 17.0.31903.59
MinimumVisualStudioVersion = 10.0.40219.1
Project("{FAE04EC0-301F-11D3-BF4B-00C04F79EFBC}") = "WebApi", "WebApi\WebApi.csproj", "{CBD21DD2-475E-4156-8DC8-7D3381609C3E}"
EndProject
Project("{2150E333-8FDC-42A3-9474-1A3956D46DE8}") = "Tests", "Tests", "{836D05CB-61BD-4B8B-91AB-A8750CCEC9AC}"
EndProject
Project("{FAE04EC0-301F-11D3-BF4B-00C04F79EFBC}") = "WebApi.UnitTests", "Tests\WebApi.UnitTests\WebApi.UnitTests.csproj", "{A0910523-CCF0-4E08-B34C-43FFF61AE2B9}"
EndProject
Global
	GlobalSection(SolutionConfigurationPlatforms) = preSolution
		Debug|Any CPU = Debug|Any CPU
		Release|Any CPU = Release|Any CPU
	EndGlobalSection
	GlobalSection(SolutionProperties) = preSolution
		HideSolutionNode = FALSE
	EndGlobalSection
	GlobalSection(ProjectConfigurationPlatforms) = postSolution
		{CBD21DD2-475E-4156-8DC8-7D3381609C3E}.Debug|Any CPU.ActiveCfg = Debug|Any CPU
		{CBD21DD2-475E-4156-8DC8-7D3381609C3E}.Debug|Any CPU.Build.0 = Debug|Any CPU
		{CBD21DD2-475E-4156-8DC8-7D3381609C3E}.Release|Any CPU.ActiveCfg = Release|Any CPU
		{CBD21DD2-475E-4156-8DC8-7D3381609C3E}.Release|Any CPU.Build.0 = Release|Any CPU
		{A0910523-CCF0-4E08-B34C-43FFF61AE2B9}.Debug|Any CPU.ActiveCfg = Debug|Any CPU
		{A0910523-CCF0-4E08-B34C-43FFF61AE2B9}.Debug|Any CPU.Build.0 = Debug|Any CPU
		{A0910523-CCF0-4E08-B34C-43FFF61AE2B9}.Release|Any CPU.ActiveCfg = Release|Any CPU
		{A0910523-CCF0-4E08-B34C-43FFF61AE2B9}.Release|Any CPU.Build.0 = Release|Any CPU
	EndGlobalSection
	GlobalSection(NestedProjects) = preSolution
		{A0910523-CCF0-4E08-B34C-43FFF61AE2B9} = {836D05CB-61BD-4B8B-91AB-A8750CCEC9AC}
	EndGlobalSection
EndGlobal
